
Microsoft Visual Studio Solution File, Format Version 12.00
# Visual Studio Version 16
VisualStudioVersion = 16.0.35229.62
MinimumVisualStudioVersion = 10.0.40219.1
Project("{FAE04EC0-301F-11D3-BF4B-00C04F79EFBC}") = "ConsoleApp14", "ConsoleApp14\ConsoleApp14.csproj", "{96563D34-6D7E-49B4-BFCE-1987691F2BD7}"
EndProject
Global
	GlobalSection(SolutionConfigurationPlatforms) = preSolution
		Debug|Any CPU = Debug|Any CPU
		Release|Any CPU = Release|Any CPU
	EndGlobalSection
	GlobalSection(ProjectConfigurationPlatforms) = postSolution
		{96563D34-6D7E-49B4-BFCE-1987691F2BD7}.Debug|Any CPU.ActiveCfg = Debug|Any CPU
		{96563D34-6D7E-49B4-BFCE-1987691F2BD7}.Debug|Any CPU.Build.0 = Debug|Any CPU
		{96563D34-6D7E-49B4-BFCE-1987691F2BD7}.Release|Any CPU.ActiveCfg = Release|Any CPU
		{96563D34-6D7E-49B4-BFCE-1987691F2BD7}.Release|Any CPU.Build.0 = Release|Any CPU
	EndGlobalSection
	GlobalSection(SolutionProperties) = preSolution
		HideSolutionNode = FALSE
	EndGlobalSection
	GlobalSection(ExtensibilityGlobals) = postSolution
		SolutionGuid = {06942E61-2B93-465E-A6F0-E0A6608EC010}
	EndGlobalSection
EndGlobal
